
Microsoft Visual Studio Solution File, Format Version 12.00
# Visual Studio Version 17
VisualStudioVersion = 17.3.32825.248
MinimumVisualStudioVersion = 10.0.40219.1
Project("{9A19103F-16F7-4668-BE54-9A1E7A4F7556}") = "PublicHolidaysAssignment", "PublicHolidaysAssignment\PublicHolidaysAssignment.csproj", "{6DD4232C-1429-4BB4-8AE9-1424354810F4}"
EndProject
Project("{FAE04EC0-301F-11D3-BF4B-00C04F79EFBC}") = "PublicHolidaysTestUnits", "PublicHolidaysTestUnits\PublicHolidaysTestUnits.csproj", "{89EB901E-7A80-4C1D-8091-CDC8EBC51E31}"
EndProject
Global
	GlobalSection(SolutionConfigurationPlatforms) = preSolution
		Debug|Any CPU = Debug|Any CPU
		Release|Any CPU = Release|Any CPU
	EndGlobalSection
	GlobalSection(ProjectConfigurationPlatforms) = postSolution
		{6DD4232C-1429-4BB4-8AE9-1424354810F4}.Debug|Any CPU.ActiveCfg = Debug|Any CPU
		{6DD4232C-1429-4BB4-8AE9-1424354810F4}.Debug|Any CPU.Build.0 = Debug|Any CPU
		{6DD4232C-1429-4BB4-8AE9-1424354810F4}.Release|Any CPU.ActiveCfg = Release|Any CPU
		{6DD4232C-1429-4BB4-8AE9-1424354810F4}.Release|Any CPU.Build.0 = Release|Any CPU
		{89EB901E-7A80-4C1D-8091-CDC8EBC51E31}.Debug|Any CPU.ActiveCfg = Debug|Any CPU
		{89EB901E-7A80-4C1D-8091-CDC8EBC51E31}.Debug|Any CPU.Build.0 = Debug|Any CPU
		{89EB901E-7A80-4C1D-8091-CDC8EBC51E31}.Release|Any CPU.ActiveCfg = Release|Any CPU
		{89EB901E-7A80-4C1D-8091-CDC8EBC51E31}.Release|Any CPU.Build.0 = Release|Any CPU
	EndGlobalSection
	GlobalSection(SolutionProperties) = preSolution
		HideSolutionNode = FALSE
	EndGlobalSection
	GlobalSection(ExtensibilityGlobals) = postSolution
		SolutionGuid = {AEB9DADE-4FDB-42A2-8DF7-E891EE612E12}
	EndGlobalSection
EndGlobal
